
Microsoft Visual Studio Solution File, Format Version 12.00
# Visual Studio Version 16
VisualStudioVersion = 16.0.30907.101
MinimumVisualStudioVersion = 10.0.40219.1
Project("{F184B08F-C81C-45F6-A57F-5ABD9991F28F}") = "IF Bubble Bobble Client", "IF Bubble Bobble Client.vbproj", "{7AB5D281-54E1-4739-B683-9CA8DD7D8A20}"
EndProject
Project("{F184B08F-C81C-45F6-A57F-5ABD9991F28F}") = "IF Bubble Bobble Studio", "..\IF Bubble Bobble Studio\IF Bubble Bobble Studio.vbproj", "{4937105F-205C-4CFF-AB6D-CE11E686D1E9}"
EndProject
Global
	GlobalSection(SolutionConfigurationPlatforms) = preSolution
		Debug|Any CPU = Debug|Any CPU
		Release|Any CPU = Release|Any CPU
	EndGlobalSection
	GlobalSection(ProjectConfigurationPlatforms) = postSolution
		{7AB5D281-54E1-4739-B683-9CA8DD7D8A20}.Debug|Any CPU.ActiveCfg = Debug|Any CPU
		{7AB5D281-54E1-4739-B683-9CA8DD7D8A20}.Debug|Any CPU.Build.0 = Debug|Any CPU
		{7AB5D281-54E1-4739-B683-9CA8DD7D8A20}.Release|Any CPU.ActiveCfg = Release|Any CPU
		{7AB5D281-54E1-4739-B683-9CA8DD7D8A20}.Release|Any CPU.Build.0 = Release|Any CPU
		{4937105F-205C-4CFF-AB6D-CE11E686D1E9}.Debug|Any CPU.ActiveCfg = Debug|Any CPU
		{4937105F-205C-4CFF-AB6D-CE11E686D1E9}.Debug|Any CPU.Build.0 = Debug|Any CPU
		{4937105F-205C-4CFF-AB6D-CE11E686D1E9}.Release|Any CPU.ActiveCfg = Release|Any CPU
		{4937105F-205C-4CFF-AB6D-CE11E686D1E9}.Release|Any CPU.Build.0 = Release|Any CPU
	EndGlobalSection
	GlobalSection(SolutionProperties) = preSolution
		HideSolutionNode = FALSE
	EndGlobalSection
	GlobalSection(ExtensibilityGlobals) = postSolution
		SolutionGuid = {D565BA8D-4ED8-42F6-A82A-01B334289511}
	EndGlobalSection
EndGlobal
